<?xml version="1.0" encoding="utf-8"?>
<Project ToolsVersion="4.0" xmlns="http://schemas.microsoft.com/developer/msbuild/2003">
  <ItemGroup>
    <Filter Include="Source Files">
      <UniqueIdentifier>{4FC737F1-C7A5-4376-A066-2A32D752A2FF}</UniqueIdentifier>
      <Extensions>qml;cpp;c;cc;cxx;def;odl;idl;hpj;bat;asm;asmx</Extensions>
    </Filter>
    <Filter Include="Header Files">
      <UniqueIdentifier>{93995380-89BD-4b04-88EB-625FBE52EBFB}</UniqueIdentifier>
      <Extensions>h;hh;hpp;hxx;hm;inl;inc;xsd</Extensions>
    </Filter>
    <Filter Include="Resource Files">
      <UniqueIdentifier>{67DA6AB6-F800-4c08-8B7A-83BB121AAD01}</UniqueIdentifier>
      <Extensions>qrc;rc;ico;cur;bmp;dlg;rc2;rct;bin;rgs;gif;jpg;jpeg;jpe;resx;tiff;tif;png;wav;mfcribbon-ms</Extensions>
    </Filter>
  </ItemGroup>
  <ItemGroup>
    <ClInclude Include="include\LayersWidgets\layerswidgets_exports.h">
      <Filter>Header Files</Filter>
    </ClInclude>
    <ClInclude Include="include\LayersWidgets\lenums.h">
      <Filter>Header Files</Filter>
    </ClInclude>
  </ItemGroup>
  <ItemGroup>
    <ClCompile Include="src\lwidget.cpp">
      <Filter>Source Files</Filter>
    </ClCompile>
    <ClCompile Include="src\lapplication.cpp">
      <Filter>Source Files</Filter>
    </ClCompile>
    <ClCompile Include="src\llabel.cpp">
      <Filter>Source Files</Filter>
    </ClCompile>
    <ClCompile Include="src\lbutton.cpp">
      <Filter>Source Files</Filter>
    </ClCompile>
    <ClCompile Include="src\lheaderview.cpp">
      <Filter>Source Files</Filter>
    </ClCompile>
    <ClCompile Include="src\ltableview.cpp">
      <Filter>Source Files</Filter>
    </ClCompile>
    <ClCompile Include="src\lgridlineitemdelegate.cpp">
      <Filter>Source Files</Filter>
    </ClCompile>
    <ClCompile Include="src\lmainwindow.cpp">
      <Filter>Source Files</Filter>
    </ClCompile>
    <ClCompile Include="src\lmainwindowtitlebar.cpp">
      <Filter>Source Files</Filter>
    </ClCompile>
    <ClCompile Include="src\ltab.cpp">
      <Filter>Source Files</Filter>
    </ClCompile>
    <ClCompile Include="src\ltabbar.cpp">
      <Filter>Source Files</Filter>
    </ClCompile>
    <ClCompile Include="src\lsettingstab.cpp">
      <Filter>Source Files</Filter>
    </ClCompile>
    <ClCompile Include="src\lsettingsmenu.cpp">
      <Filter>Source Files</Filter>
    </ClCompile>
    <ClCompile Include="src\lthemeswidget.cpp">
      <Filter>Source Files</Filter>
    </ClCompile>
    <ClCompile Include="src\lthemecombobox.cpp">
      <Filter>Source Files</Filter>
    </ClCompile>
    <ClCompile Include="src\lcombobox.cpp">
      <Filter>Source Files</Filter>
    </ClCompile>
    <ClCompile Include="src\lcomboboxitemdelegate.cpp">
      <Filter>Source Files</Filter>
    </ClCompile>
    <ClCompile Include="src\lthemecomboboxitemdelegate.cpp">
      <Filter>Source Files</Filter>
    </ClCompile>
    <ClCompile Include="src\lthemecomboboxitemmodel.cpp">
      <Filter>Source Files</Filter>
    </ClCompile>
    <ClCompile Include="src\lwidgetbutton.cpp">
      <Filter>Source Files</Filter>
    </ClCompile>
    <ClCompile Include="src\lwidgetbuttongroup.cpp">
      <Filter>Source Files</Filter>
    </ClCompile>
    <ClCompile Include="src\lwidgeteditor.cpp">
      <Filter>Source Files</Filter>
    </ClCompile>
    <ClCompile Include="src\lattributeeditor.cpp">
      <Filter>Source Files</Filter>
    </ClCompile>
    <ClCompile Include="src\ltoggleswitch.cpp">
      <Filter>Source Files</Filter>
    </ClCompile>
    <ClCompile Include="src\lattributeeditorgroup.cpp">
      <Filter>Source Files</Filter>
    </ClCompile>
    <ClCompile Include="src\lcoloreditor.cpp">
      <Filter>Source Files</Filter>
    </ClCompile>
    <ClCompile Include="src\lcolorcontrol.cpp">
      <Filter>Source Files</Filter>
    </ClCompile>
    <ClCompile Include="src\lfilleditor.cpp">
      <Filter>Source Files</Filter>
    </ClCompile>
    <ClCompile Include="src\lfillcontrol.cpp">
      <Filter>Source Files</Filter>
    </ClCompile>
    <ClCompile Include="src\lgradientcontrol.cpp">
      <Filter>Source Files</Filter>
    </ClCompile>
    <ClCompile Include="src\llineeditor.cpp">
      <Filter>Source Files</Filter>
    </ClCompile>
    <ClCompile Include="src\lminislider.cpp">
      <Filter>Source Files</Filter>
    </ClCompile>
    <ClCompile Include="src\lradiobutton.cpp">
      <Filter>Source Files</Filter>
    </ClCompile>
    <ClCompile Include="src\lradiobuttonpool.cpp">
      <Filter>Source Files</Filter>
    </ClCompile>
    <ClCompile Include="src\lscrollbar.cpp">
      <Filter>Source Files</Filter>
    </ClCompile>
    <ClCompile Include="src\lslider.cpp">
      <Filter>Source Files</Filter>
    </ClCompile>
    <ClCompile Include="src\lcornerradiieditor.cpp">
      <Filter>Source Files</Filter>
    </ClCompile>
    <ClCompile Include="src\lgradienteditor.cpp">
      <Filter>Source Files</Filter>
    </ClCompile>
    <ClCompile Include="src\lnumbereditor.cpp">
      <Filter>Source Files</Filter>
    </ClCompile>
    <ClCompile Include="src\lstateeditor.cpp">
      <Filter>Source Files</Filter>
    </ClCompile>
    <ClCompile Include="src\lthemeeditor.cpp">
      <Filter>Source Files</Filter>
    </ClCompile>
    <ClCompile Include="src\lcolorplane.cpp">
      <Filter>Source Files</Filter>
    </ClCompile>
    <ClCompile Include="src\lmenubar.cpp">
      <Filter>Source Files</Filter>
    </ClCompile>
    <ClCompile Include="src\lnavigator.cpp">
      <Filter>Source Files</Filter>
    </ClCompile>
    <ClCompile Include="src\lscrollarea.cpp">
      <Filter>Source Files</Filter>
    </ClCompile>
    <ClCompile Include="src\ldialog.cpp">
      <Filter>Source Files</Filter>
    </ClCompile>
    <ClCompile Include="src\lcolordialog.cpp">
      <Filter>Source Files</Filter>
    </ClCompile>
    <ClCompile Include="src\lcreatethemedialog.cpp">
      <Filter>Source Files</Filter>
    </ClCompile>
    <ClCompile Include="src\lfilldialog.cpp">
      <Filter>Source Files</Filter>
    </ClCompile>
    <ClCompile Include="src\lgradientdialog.cpp">
      <Filter>Source Files</Filter>
    </ClCompile>
    <ClCompile Include="src\lthemecompatibilityitemdelegate.cpp">
      <Filter>Source Files</Filter>
    </ClCompile>
    <ClCompile Include="src\lthemecompatibilitycautiondialog.cpp">
      <Filter>Source Files</Filter>
    </ClCompile>
    <ClCompile Include="src\lupdatedialog.cpp">
      <Filter>Source Files</Filter>
    </ClCompile>
  </ItemGroup>
  <ItemGroup>
    <QtMoc Include="include\LayersWidgets\lwidget.h">
      <Filter>Header Files</Filter>
    </QtMoc>
    <QtMoc Include="include\LayersWidgets\lapplication.h">
      <Filter>Header Files</Filter>
    </QtMoc>
    <QtMoc Include="include\LayersWidgets\llabel.h">
      <Filter>Header Files</Filter>
    </QtMoc>
    <QtMoc Include="include\LayersWidgets\lbutton.h">
      <Filter>Header Files</Filter>
    </QtMoc>
    <QtMoc Include="include\LayersWidgets\lheaderview.h">
      <Filter>Header Files</Filter>
    </QtMoc>
    <QtMoc Include="include\LayersWidgets\ltableview.h">
      <Filter>Header Files</Filter>
    </QtMoc>
    <QtMoc Include="include\LayersWidgets\lgridlineitemdelegate.h">
      <Filter>Header Files</Filter>
    </QtMoc>
    <QtMoc Include="include\LayersWidgets\lmainwindow.h">
      <Filter>Header Files</Filter>
    </QtMoc>
    <QtMoc Include="src\lmainwindowtitlebar.h">
      <Filter>Header Files</Filter>
    </QtMoc>
    <QtMoc Include="include\LayersWidgets\ltab.h">
      <Filter>Header Files</Filter>
    </QtMoc>
    <QtMoc Include="include\LayersWidgets\ltabbar.h">
      <Filter>Header Files</Filter>
    </QtMoc>
    <QtMoc Include="src\lsettingstab.h">
      <Filter>Header Files</Filter>
    </QtMoc>
    <QtMoc Include="src\lsettingsmenu.h">
      <Filter>Header Files</Filter>
    </QtMoc>
    <QtMoc Include="src\lthemeswidget.h">
      <Filter>Header Files</Filter>
    </QtMoc>
    <QtMoc Include="include\LayersWidgets\lthemecombobox.h">
      <Filter>Header Files</Filter>
    </QtMoc>
    <QtMoc Include="include\LayersWidgets\lcombobox.h">
      <Filter>Header Files</Filter>
    </QtMoc>
    <QtMoc Include="include\LayersWidgets\lcomboboxitemdelegate.h">
      <Filter>Header Files</Filter>
    </QtMoc>
    <QtMoc Include="include\LayersWidgets\lthemecomboboxitemdelegate.h">
      <Filter>Header Files</Filter>
    </QtMoc>
    <QtMoc Include="include\LayersWidgets\lthemecomboboxitemmodel.h">
      <Filter>Header Files</Filter>
    </QtMoc>
    <QtMoc Include="include\LayersWidgets\lwidgetbutton.h">
      <Filter>Header Files</Filter>
    </QtMoc>
    <QtMoc Include="include\LayersWidgets\lwidgetbuttongroup.h">
      <Filter>Header Files</Filter>
    </QtMoc>
    <QtMoc Include="include\LayersWidgets\lwidgeteditor.h">
      <Filter>Header Files</Filter>
    </QtMoc>
    <QtMoc Include="include\LayersWidgets\lattributeeditor.h">
      <Filter>Header Files</Filter>
    </QtMoc>
    <QtMoc Include="include\LayersWidgets\ltoggleswitch.h">
      <Filter>Header Files</Filter>
    </QtMoc>
    <QtMoc Include="include\LayersWidgets\lattributeeditorgroup.h">
      <Filter>Header Files</Filter>
    </QtMoc>
    <QtMoc Include="include\LayersWidgets\lcoloreditor.h">
      <Filter>Header Files</Filter>
    </QtMoc>
    <QtMoc Include="include\LayersWidgets\lcolorcontrol.h">
      <Filter>Header Files</Filter>
    </QtMoc>
    <QtMoc Include="include\LayersWidgets\lfillcontrol.h">
      <Filter>Header Files</Filter>
    </QtMoc>
    <QtMoc Include="include\LayersWidgets\lgradientcontrol.h">
      <Filter>Header Files</Filter>
    </QtMoc>
    <QtMoc Include="include\LayersWidgets\llineeditor.h">
      <Filter>Header Files</Filter>
    </QtMoc>
    <QtMoc Include="include\LayersWidgets\lminislider.h">
      <Filter>Header Files</Filter>
    </QtMoc>
    <QtMoc Include="include\LayersWidgets\lradiobutton.h">
      <Filter>Header Files</Filter>
    </QtMoc>
    <QtMoc Include="include\LayersWidgets\lradiobuttonpool.h">
      <Filter>Header Files</Filter>
    </QtMoc>
    <QtMoc Include="include\LayersWidgets\lscrollbar.h">
      <Filter>Header Files</Filter>
    </QtMoc>
    <QtMoc Include="include\LayersWidgets\lslider.h">
      <Filter>Header Files</Filter>
    </QtMoc>
    <QtMoc Include="include\LayersWidgets\lcornerradiieditor.h">
      <Filter>Header Files</Filter>
    </QtMoc>
    <QtMoc Include="include\LayersWidgets\lfilleditor.h">
      <Filter>Header Files</Filter>
    </QtMoc>
    <QtMoc Include="include\LayersWidgets\lgradienteditor.h">
      <Filter>Header Files</Filter>
    </QtMoc>
    <QtMoc Include="include\LayersWidgets\lnumbereditor.h">
      <Filter>Header Files</Filter>
    </QtMoc>
    <QtMoc Include="include\LayersWidgets\lstateeditor.h">
      <Filter>Header Files</Filter>
    </QtMoc>
    <QtMoc Include="src\lthemeeditor.h">
      <Filter>Header Files</Filter>
    </QtMoc>
    <QtMoc Include="include\LayersWidgets\lcolorplane.h">
      <Filter>Header Files</Filter>
    </QtMoc>
    <QtMoc Include="include\LayersWidgets\lmenubar.h">
      <Filter>Header Files</Filter>
    </QtMoc>
    <QtMoc Include="include\LayersWidgets\lnavigator.h">
      <Filter>Header Files</Filter>
    </QtMoc>
    <QtMoc Include="include\LayersWidgets\lscrollarea.h">
      <Filter>Header Files</Filter>
    </QtMoc>
    <QtMoc Include="include\LayersWidgets\ldialog.h">
      <Filter>Header Files</Filter>
    </QtMoc>
    <QtMoc Include="include\LayersWidgets\lcolordialog.h">
      <Filter>Header Files</Filter>
    </QtMoc>
    <QtMoc Include="include\LayersWidgets\lcreatethemedialog.h">
      <Filter>Header Files</Filter>
    </QtMoc>
    <QtMoc Include="include\LayersWidgets\lfilldialog.h">
      <Filter>Header Files</Filter>
    </QtMoc>
    <QtMoc Include="include\LayersWidgets\lgradientdialog.h">
      <Filter>Header Files</Filter>
    </QtMoc>
    <QtMoc Include="include\LayersWidgets\lthemecompatibilityitemdelegate.h">
      <Filter>Header Files</Filter>
    </QtMoc>
    <QtMoc Include="include\LayersWidgets\lthemecompatibilitycautiondialog.h">
      <Filter>Header Files</Filter>
    </QtMoc>
    <QtMoc Include="include\LayersWidgets\lupdatedialog.h">
      <Filter>Header Files</Filter>
    </QtMoc>
  </ItemGroup>
  <ItemGroup>
    <QtRcc Include="fonts\Roboto\roboto_font.qrc">
      <Filter>Resource Files</Filter>
    </QtRcc>
    <QtRcc Include="images\images.qrc">
      <Filter>Resource Files</Filter>
    </QtRcc>
    <QtRcc Include="image-sequences\image_sequences.qrc">
      <Filter>Resource Files</Filter>
    </QtRcc>
    <QtRcc Include="themes\Dark\theme_dark.qrc">
      <Filter>Resource Files</Filter>
    </QtRcc>
    <QtRcc Include="themes\Light\theme_light.qrc">
      <Filter>Resource Files</Filter>
    </QtRcc>
  </ItemGroup>
</Project>