
Microsoft Visual Studio Solution File, Format Version 12.00
# Visual Studio Version 17
VisualStudioVersion = 17.5.33516.290
MinimumVisualStudioVersion = 10.0.40219.1
Project("{8BC9CEB8-8B4A-11D0-8D11-00A0C91BC942}") = "Layers", "Layers\Layers.vcxproj", "{BA4366E2-4F68-4B98-8146-25DA3717AAE1}"
EndProject
Global
	GlobalSection(SolutionConfigurationPlatforms) = preSolution
		Debug|x64 = Debug|x64
		Debug|x86 = Debug|x86
		Release|x64 = Release|x64
		Release|x86 = Release|x86
	EndGlobalSection
	GlobalSection(ProjectConfigurationPlatforms) = postSolution
		{BA4366E2-4F68-4B98-8146-25DA3717AAE1}.Debug|x64.ActiveCfg = Debug|x64
		{BA4366E2-4F68-4B98-8146-25DA3717AAE1}.Debug|x64.Build.0 = Debug|x64
		{BA4366E2-4F68-4B98-8146-25DA3717AAE1}.Debug|x86.ActiveCfg = Debug|Win32
		{BA4366E2-4F68-4B98-8146-25DA3717AAE1}.Debug|x86.Build.0 = Debug|Win32
		{BA4366E2-4F68-4B98-8146-25DA3717AAE1}.Release|x64.ActiveCfg = Release|x64
		{BA4366E2-4F68-4B98-8146-25DA3717AAE1}.Release|x64.Build.0 = Release|x64
		{BA4366E2-4F68-4B98-8146-25DA3717AAE1}.Release|x86.ActiveCfg = Release|Win32
		{BA4366E2-4F68-4B98-8146-25DA3717AAE1}.Release|x86.Build.0 = Release|Win32
	EndGlobalSection
	GlobalSection(SolutionProperties) = preSolution
		HideSolutionNode = FALSE
	EndGlobalSection
	GlobalSection(ExtensibilityGlobals) = postSolution
		SolutionGuid = {7A958713-6F50-4F12-AE38-63CCDED030A5}
	EndGlobalSection
EndGlobal
