<?xml version="1.0" encoding="utf-8"?>
<Project ToolsVersion="4.0" xmlns="http://schemas.microsoft.com/developer/msbuild/2003">
  <ItemGroup>
    <Filter Include="Source Files">
      <UniqueIdentifier>{4FC737F1-C7A5-4376-A066-2A32D752A2FF}</UniqueIdentifier>
      <Extensions>cpp;c;cc;cxx;def;odl;idl;hpj;bat;asm;asmx</Extensions>
    </Filter>
    <Filter Include="Header Files">
      <UniqueIdentifier>{93995380-89BD-4b04-88EB-625FBE52EBFB}</UniqueIdentifier>
      <Extensions>h;hh;hpp;hxx;hm;inl;inc;xsd</Extensions>
    </Filter>
    <Filter Include="Resource Files">
      <UniqueIdentifier>{67DA6AB6-F800-4c08-8B7A-83BB121AAD01}</UniqueIdentifier>
      <Extensions>qrc;rc;ico;cur;bmp;dlg;rc2;rct;bin;rgs;gif;jpg;jpeg;jpe;resx;tiff;tif;png;wav;mfcribbon-ms</Extensions>
    </Filter>
    <Filter Include="Source Files\Old">
      <UniqueIdentifier>{72ac3fc5-1ea2-44c8-b557-333ff4f4bd87}</UniqueIdentifier>
    </Filter>
    <Filter Include="Source Files\Attribute_Widgets">
      <UniqueIdentifier>{bdbe8024-7fb6-4805-8f00-cd9ad4eb511c}</UniqueIdentifier>
    </Filter>
    <Filter Include="Source Files\Old\2.1.0a">
      <UniqueIdentifier>{2c01e461-9929-4abe-a383-9a50d26cab3e}</UniqueIdentifier>
    </Filter>
  </ItemGroup>
  <ItemGroup>
    <QtMoc Include="Layers.h">
      <Filter>Header Files</Filter>
    </QtMoc>
  </ItemGroup>
  <ItemGroup>
    <ClCompile Include="Themeable.cpp">
      <Filter>Source Files</Filter>
    </ClCompile>
    <ClCompile Include="Themes_Settings_Panel.cpp">
      <Filter>Source Files</Filter>
    </ClCompile>
    <ClCompile Include="Titlebar.cpp">
      <Filter>Source Files</Filter>
    </ClCompile>
    <ClCompile Include="Toggle_Switch.cpp">
      <Filter>Source Files</Filter>
    </ClCompile>
    <ClCompile Include="Vertical_Layout.cpp">
      <Filter>Source Files</Filter>
    </ClCompile>
    <ClCompile Include="Widget.cpp">
      <Filter>Source Files</Filter>
    </ClCompile>
    <ClCompile Include="Window.cpp">
      <Filter>Source Files</Filter>
    </ClCompile>
    <ClCompile Include="App_Preferences_Settings_Panel.cpp">
      <Filter>Source Files</Filter>
    </ClCompile>
    <ClCompile Include="Attribute_Sharing_Combo.cpp">
      <Filter>Source Files</Filter>
    </ClCompile>
    <ClCompile Include="build_themes.cpp">
      <Filter>Source Files</Filter>
    </ClCompile>
    <ClCompile Include="Button.cpp">
      <Filter>Source Files</Filter>
    </ClCompile>
    <ClCompile Include="Color_Control.cpp">
      <Filter>Source Files</Filter>
    </ClCompile>
    <ClCompile Include="Combobox.cpp">
      <Filter>Source Files</Filter>
    </ClCompile>
    <ClCompile Include="Combobox_Item.cpp">
      <Filter>Source Files</Filter>
    </ClCompile>
    <ClCompile Include="Create_New_Theme_Dialog.cpp">
      <Filter>Source Files</Filter>
    </ClCompile>
    <ClCompile Include="Customize_Menu.cpp">
      <Filter>Source Files</Filter>
    </ClCompile>
    <ClCompile Include="Customize_Panel.cpp">
      <Filter>Source Files</Filter>
    </ClCompile>
    <ClCompile Include="directories.cpp">
      <Filter>Source Files</Filter>
    </ClCompile>
    <ClCompile Include="Gradient_Control.cpp">
      <Filter>Source Files</Filter>
    </ClCompile>
    <ClCompile Include="Gradient_Selection_Box.cpp">
      <Filter>Source Files</Filter>
    </ClCompile>
    <ClCompile Include="Graphic.cpp">
      <Filter>Source Files</Filter>
    </ClCompile>
    <ClCompile Include="Horizontal_Layout.cpp">
      <Filter>Source Files</Filter>
    </ClCompile>
    <ClCompile Include="Image_Sequence_Label.cpp">
      <Filter>Source Files</Filter>
    </ClCompile>
    <ClCompile Include="Label.cpp">
      <Filter>Source Files</Filter>
    </ClCompile>
    <ClCompile Include="Line_Editor.cpp">
      <Filter>Source Files</Filter>
    </ClCompile>
    <ClCompile Include="Menu.cpp">
      <Filter>Source Files</Filter>
    </ClCompile>
    <ClCompile Include="Menu_Label_Layer.cpp">
      <Filter>Source Files</Filter>
    </ClCompile>
    <ClCompile Include="Scroll_Area.cpp">
      <Filter>Source Files</Filter>
    </ClCompile>
    <ClCompile Include="Settings_Menu.cpp">
      <Filter>Source Files</Filter>
    </ClCompile>
    <ClCompile Include="Settings_Sidebar.cpp">
      <Filter>Source Files</Filter>
    </ClCompile>
    <ClCompile Include="Settings_Tab.cpp">
      <Filter>Source Files</Filter>
    </ClCompile>
    <ClCompile Include="Slider.cpp">
      <Filter>Source Files</Filter>
    </ClCompile>
    <ClCompile Include="SVG.cpp">
      <Filter>Source Files</Filter>
    </ClCompile>
    <ClCompile Include="Theme.cpp">
      <Filter>Source Files</Filter>
    </ClCompile>
    <ClCompile Include="Attribute_Widgets\Attribute_Widget.cpp">
      <Filter>Source Files\Attribute_Widgets</Filter>
    </ClCompile>
    <ClCompile Include="Attribute_Widgets\Attribute_Widget_Container.cpp">
      <Filter>Source Files\Attribute_Widgets</Filter>
    </ClCompile>
    <ClCompile Include="Attribute_Widgets\Color_Attribute_Widget.cpp">
      <Filter>Source Files\Attribute_Widgets</Filter>
    </ClCompile>
    <ClCompile Include="Attribute_Widgets\Gradient_Attribute_Widget.cpp">
      <Filter>Source Files\Attribute_Widgets</Filter>
    </ClCompile>
    <ClCompile Include="Attribute_Widgets\Number_Attribute_Widget.cpp">
      <Filter>Source Files\Attribute_Widgets</Filter>
    </ClCompile>
    <ClCompile Include="Attribute_Widgets\Switch_Attribute_Widget.cpp">
      <Filter>Source Files\Attribute_Widgets</Filter>
    </ClCompile>
    <ClCompile Include="ThemeUpdating.cpp">
      <Filter>Source Files</Filter>
    </ClCompile>
    <ClCompile Include="Stateful_Attribute.cpp">
      <Filter>Source Files</Filter>
    </ClCompile>
    <ClCompile Include="Attribute_Set.cpp">
      <Filter>Source Files</Filter>
    </ClCompile>
    <ClCompile Include="Attribute.cpp">
      <Filter>Source Files</Filter>
    </ClCompile>
    <ClCompile Include="Stateless_Attribute.cpp">
      <Filter>Source Files</Filter>
    </ClCompile>
    <ClCompile Include="Mini_Slider.cpp">
      <Filter>Source Files</Filter>
    </ClCompile>
    <ClCompile Include="Attribute_Widgets\Corner_Radii_Attribute_Widget.cpp">
      <Filter>Source Files\Attribute_Widgets</Filter>
    </ClCompile>
    <ClCompile Include="Update_Dialog.cpp">
      <Filter>Source Files</Filter>
    </ClCompile>
    <ClCompile Include="Application.cpp">
      <Filter>Source Files</Filter>
    </ClCompile>
    <ClCompile Include="Downloader.cpp">
      <Filter>Source Files</Filter>
    </ClCompile>
    <ClCompile Include="Old\2.1.0a\Attribute_Set_2_1_0_a.cpp">
      <Filter>Source Files\Old\2.1.0a</Filter>
    </ClCompile>
    <ClCompile Include="Old\2.1.0a\Theme_2_1_0_a.cpp">
      <Filter>Source Files\Old\2.1.0a</Filter>
    </ClCompile>
    <ClCompile Include="Old\2.1.0a\Attribute_2_1_0_a.cpp">
      <Filter>Source Files\Old\2.1.0a</Filter>
    </ClCompile>
    <ClCompile Include="Old\2.1.0a\Stateless_Attribute_2_1_0_a.cpp">
      <Filter>Source Files\Old\2.1.0a</Filter>
    </ClCompile>
    <ClCompile Include="ThemeLoading.cpp">
      <Filter>Source Files</Filter>
    </ClCompile>
    <ClCompile Include="Old\2.1.0a\Stateful_Attribute_2_1_0_a.cpp">
      <Filter>Source Files\Old\2.1.0a</Filter>
    </ClCompile>
    <ClCompile Include="MenuBar.cpp">
      <Filter>Source Files</Filter>
    </ClCompile>
    <ClCompile Include="TabBar.cpp">
      <Filter>Source Files</Filter>
    </ClCompile>
    <ClCompile Include="GitHubRepo.cpp">
      <Filter>Source Files</Filter>
    </ClCompile>
    <ClCompile Include="Version.cpp">
      <Filter>Source Files</Filter>
    </ClCompile>
    <ClCompile Include="ImageSequence.cpp">
      <Filter>Source Files</Filter>
    </ClCompile>
  </ItemGroup>
  <ItemGroup>
    <QtRcc Include="svgs\svgs.qrc">
      <Filter>Resource Files</Filter>
    </QtRcc>
    <QtRcc Include="fonts\Roboto\roboto_font.qrc">
      <Filter>Resource Files</Filter>
    </QtRcc>
    <QtRcc Include="themes\prebuilt_themes.qrc">
      <Filter>Resource Files</Filter>
    </QtRcc>
    <QtRcc Include="image-sequences\image_sequences.qrc">
      <Filter>Resource Files</Filter>
    </QtRcc>
  </ItemGroup>
</Project>