<?xml version="1.0" encoding="utf-8"?>
<Project ToolsVersion="4.0" xmlns="http://schemas.microsoft.com/developer/msbuild/2003">
  <ItemGroup>
    <Filter Include="Source Files">
      <UniqueIdentifier>{4FC737F1-C7A5-4376-A066-2A32D752A2FF}</UniqueIdentifier>
      <Extensions>cpp;c;cc;cxx;def;odl;idl;hpj;bat;asm;asmx</Extensions>
    </Filter>
    <Filter Include="Header Files">
      <UniqueIdentifier>{93995380-89BD-4b04-88EB-625FBE52EBFB}</UniqueIdentifier>
      <Extensions>h;hh;hpp;hxx;hm;inl;inc;xsd</Extensions>
    </Filter>
    <Filter Include="Resource Files">
      <UniqueIdentifier>{67DA6AB6-F800-4c08-8B7A-83BB121AAD01}</UniqueIdentifier>
      <Extensions>qrc;rc;ico;cur;bmp;dlg;rc2;rct;bin;rgs;gif;jpg;jpeg;jpe;resx;tiff;tif;png;wav;mfcribbon-ms</Extensions>
    </Filter>
  </ItemGroup>
  <ItemGroup>
    <ClCompile Include="src\Widgets\Widgets\Menus\ThemeEditor\ThemeEditor.cpp">
      <Filter>Source Files</Filter>
    </ClCompile>
    <ClCompile Include="src\Widgets\Widgets\ColorPlane.cpp">
      <Filter>Source Files</Filter>
    </ClCompile>
    <ClCompile Include="src\Widgets\ItemDelegates\ComboBoxItemDelegate.cpp">
      <Filter>Source Files</Filter>
    </ClCompile>
    <ClCompile Include="src\Widgets\Widgets\Menus\ThemeEditor\WidgetEditor.cpp">
      <Filter>Source Files</Filter>
    </ClCompile>
    <ClCompile Include="src\Widgets\ItemDelegates\GridlineItemDelegate.cpp">
      <Filter>Source Files</Filter>
    </ClCompile>
    <ClCompile Include="src\Widgets\ItemViews\HeaderView.cpp">
      <Filter>Source Files</Filter>
    </ClCompile>
    <ClCompile Include="src\Widgets\Widgets\Label.cpp">
      <Filter>Source Files</Filter>
    </ClCompile>
    <ClCompile Include="src\Widgets\Widgets\MenuBar.cpp">
      <Filter>Source Files</Filter>
    </ClCompile>
    <ClCompile Include="src\Widgets\Widgets\ScrollArea.cpp">
      <Filter>Source Files</Filter>
    </ClCompile>
    <ClCompile Include="src\Widgets\Widgets\Controls\ScrollBar.cpp">
      <Filter>Source Files</Filter>
    </ClCompile>
    <ClCompile Include="src\Widgets\Widgets\Tab.cpp">
      <Filter>Source Files</Filter>
    </ClCompile>
    <ClCompile Include="src\Widgets\Widgets\TabBar.cpp">
      <Filter>Source Files</Filter>
    </ClCompile>
    <ClCompile Include="src\Widgets\ItemViews\TableView.cpp">
      <Filter>Source Files</Filter>
    </ClCompile>
    <ClCompile Include="src\Widgets\Widgets\Controls\ThemeComboBox.cpp">
      <Filter>Source Files</Filter>
    </ClCompile>
    <ClCompile Include="src\Widgets\Widgets\Controls\ThemeComboBoxItemDelegate.cpp">
      <Filter>Source Files</Filter>
    </ClCompile>
    <ClCompile Include="src\Widgets\Dialogs\ThemeCompatibilityItemDelegate.cpp">
      <Filter>Source Files</Filter>
    </ClCompile>
    <ClCompile Include="src\Widgets\Widgets\Menus\SettingsMenu\ThemesWidget.cpp">
      <Filter>Source Files</Filter>
    </ClCompile>
    <ClCompile Include="src\Widgets\Widgets\MainWindowTitlebar.cpp">
      <Filter>Source Files</Filter>
    </ClCompile>
    <ClCompile Include="src\Widgets\Kernel\Widget.cpp">
      <Filter>Source Files</Filter>
    </ClCompile>
    <ClCompile Include="src\Widgets\Widgets\Menus\ThemeEditor\WidgetButton.cpp">
      <Filter>Source Files</Filter>
    </ClCompile>
    <ClCompile Include="src\Widgets\Widgets\Menus\ThemeEditor\WidgetButtonGroup.cpp">
      <Filter>Source Files</Filter>
    </ClCompile>
    <ClCompile Include="src\Widgets\Widgets\MainWindow.cpp">
      <Filter>Source Files</Filter>
    </ClCompile>
    <ClCompile Include="src\Widgets\Widgets\Menus\SettingsMenu\SettingsMenu.cpp">
      <Filter>Source Files</Filter>
    </ClCompile>
    <ClCompile Include="src\Widgets\Widgets\Menus\SettingsMenu\SettingsTab.cpp">
      <Filter>Source Files</Filter>
    </ClCompile>
    <ClCompile Include="src\Widgets\Dialogs\ColorDialog.cpp">
      <Filter>Source Files</Filter>
    </ClCompile>
    <ClCompile Include="src\Widgets\Dialogs\Dialog.cpp">
      <Filter>Source Files</Filter>
    </ClCompile>
    <ClCompile Include="src\Widgets\Dialogs\FillDialog.cpp">
      <Filter>Source Files</Filter>
    </ClCompile>
    <ClCompile Include="src\Widgets\Dialogs\GradientDialog.cpp">
      <Filter>Source Files</Filter>
    </ClCompile>
    <ClCompile Include="src\Widgets\Dialogs\ThemeCompatibilityCautionDialog.cpp">
      <Filter>Source Files</Filter>
    </ClCompile>
    <ClCompile Include="src\Widgets\Dialogs\UpdateDialog.cpp">
      <Filter>Source Files</Filter>
    </ClCompile>
    <ClCompile Include="src\Widgets\Widgets\Controls\Button.cpp">
      <Filter>Source Files</Filter>
    </ClCompile>
    <ClCompile Include="src\Widgets\Widgets\Controls\ColorControl.cpp">
      <Filter>Source Files</Filter>
    </ClCompile>
    <ClCompile Include="src\Widgets\Widgets\Controls\ComboBox.cpp">
      <Filter>Source Files</Filter>
    </ClCompile>
    <ClCompile Include="src\Widgets\Widgets\Controls\FillControl.cpp">
      <Filter>Source Files</Filter>
    </ClCompile>
    <ClCompile Include="src\Widgets\Widgets\Controls\GradientControl.cpp">
      <Filter>Source Files</Filter>
    </ClCompile>
    <ClCompile Include="src\Widgets\Widgets\Controls\LineEditor.cpp">
      <Filter>Source Files</Filter>
    </ClCompile>
    <ClCompile Include="src\Widgets\Widgets\Controls\MiniSlider.cpp">
      <Filter>Source Files</Filter>
    </ClCompile>
    <ClCompile Include="src\Widgets\Widgets\Controls\Slider.cpp">
      <Filter>Source Files</Filter>
    </ClCompile>
    <ClCompile Include="src\Widgets\Widgets\Controls\ToggleSwitch.cpp">
      <Filter>Source Files</Filter>
    </ClCompile>
    <ClCompile Include="src\Widgets\Widgets\AttributeEditors\StateEditor.cpp">
      <Filter>Source Files</Filter>
    </ClCompile>
    <ClCompile Include="src\Widgets\Widgets\AttributeEditors\AttributeEditor.cpp">
      <Filter>Source Files</Filter>
    </ClCompile>
    <ClCompile Include="src\Widgets\Widgets\AttributeEditors\AttributeEditorGroup.cpp">
      <Filter>Source Files</Filter>
    </ClCompile>
    <ClCompile Include="src\Widgets\Widgets\AttributeEditors\ColorEditor.cpp">
      <Filter>Source Files</Filter>
    </ClCompile>
    <ClCompile Include="src\Widgets\Widgets\AttributeEditors\CornerRadiiEditor.cpp">
      <Filter>Source Files</Filter>
    </ClCompile>
    <ClCompile Include="src\Widgets\Widgets\AttributeEditors\FillEditor.cpp">
      <Filter>Source Files</Filter>
    </ClCompile>
    <ClCompile Include="src\Widgets\Widgets\AttributeEditors\GradientEditor.cpp">
      <Filter>Source Files</Filter>
    </ClCompile>
    <ClCompile Include="src\Widgets\Widgets\AttributeEditors\NumberEditor.cpp">
      <Filter>Source Files</Filter>
    </ClCompile>
    <ClCompile Include="src\Core\Tools\Version.cpp">
      <Filter>Source Files</Filter>
    </ClCompile>
    <ClCompile Include="src\Core\Tools\Downloader.cpp">
      <Filter>Source Files</Filter>
    </ClCompile>
    <ClCompile Include="src\Core\Tools\GitHubRepo.cpp">
      <Filter>Source Files</Filter>
    </ClCompile>
    <ClCompile Include="src\Core\Tools\ImageSequence.cpp">
      <Filter>Source Files</Filter>
    </ClCompile>
    <ClCompile Include="src\Svg\SvgRenderer.cpp">
      <Filter>Source Files</Filter>
    </ClCompile>
    <ClCompile Include="src\Core\Kernel\ThemeableBox.cpp">
      <Filter>Source Files</Filter>
    </ClCompile>
    <ClCompile Include="src\Core\Kernel\Theme.cpp">
      <Filter>Source Files</Filter>
    </ClCompile>
    <ClCompile Include="src\Core\Kernel\Themeable.cpp">
      <Filter>Source Files</Filter>
    </ClCompile>
    <ClCompile Include="src\Core\Kernel\Variant.cpp">
      <Filter>Source Files</Filter>
    </ClCompile>
    <ClCompile Include="src\Core\Kernel\Attribute.cpp">
      <Filter>Source Files</Filter>
    </ClCompile>
    <ClCompile Include="src\Core\Kernel\AttributeGroup.cpp">
      <Filter>Source Files</Filter>
    </ClCompile>
    <ClCompile Include="src\Core\Kernel\Data.cpp">
      <Filter>Source Files</Filter>
    </ClCompile>
    <ClCompile Include="src\Core\Kernel\AbstractAttribute.cpp">
      <Filter>Source Files</Filter>
    </ClCompile>
    <ClCompile Include="src\Core\ItemModels\ThemeLineageModel.cpp">
      <Filter>Source Files</Filter>
    </ClCompile>
    <ClCompile Include="src\Widgets\Widgets\Controls\ThemeComboBoxItemModel.cpp">
      <Filter>Source Files</Filter>
    </ClCompile>
    <ClCompile Include="src\Core\Tools\directories.cpp">
      <Filter>Source Files</Filter>
    </ClCompile>
    <ClCompile Include="src\Widgets\Kernel\Application.cpp">
      <Filter>Source Files</Filter>
    </ClCompile>
    <ClCompile Include="src\Widgets\Widgets\Navigator.cpp">
      <Filter>Source Files</Filter>
    </ClCompile>
    <ClCompile Include="src\Widgets\Widgets\Controls\RadioButton.cpp">
      <Filter>Source Files</Filter>
    </ClCompile>
    <ClCompile Include="src\Widgets\Widgets\Controls\RadioButtonPool.cpp">
      <Filter>Source Files</Filter>
    </ClCompile>
    <ClCompile Include="src\Core\Tools\Graphic.cpp">
      <Filter>Source Files</Filter>
    </ClCompile>
    <ClCompile Include="src\Widgets\Dialogs\CreateThemeDialog.cpp">
      <Filter>Source Files</Filter>
    </ClCompile>
  </ItemGroup>
  <ItemGroup>
    <QtRcc Include="fonts\Roboto\roboto_font.qrc">
      <Filter>Resource Files</Filter>
    </QtRcc>
    <QtRcc Include="image-sequences\image_sequences.qrc">
      <Filter>Resource Files</Filter>
    </QtRcc>
    <QtRcc Include="themes\Dark\theme_dark.qrc">
      <Filter>Resource Files</Filter>
    </QtRcc>
    <QtRcc Include="themes\Light\theme_light.qrc">
      <Filter>Resource Files</Filter>
    </QtRcc>
    <QtRcc Include="images\images.qrc">
      <Filter>Resource Files</Filter>
    </QtRcc>
  </ItemGroup>
  <ItemGroup>
    <QtMoc Include="include\Widget.h">
      <Filter>Header Files</Filter>
    </QtMoc>
    <QtMoc Include="src\Widgets\Widgets\Menus\SettingsMenu\SettingsMenu.h">
      <Filter>Header Files</Filter>
    </QtMoc>
    <QtMoc Include="src\Widgets\Widgets\Menus\SettingsMenu\ThemesWidget.h">
      <Filter>Header Files</Filter>
    </QtMoc>
    <QtMoc Include="include\Button.h">
      <Filter>Header Files</Filter>
    </QtMoc>
    <QtMoc Include="include\Label.h">
      <Filter>Header Files</Filter>
    </QtMoc>
    <QtMoc Include="include\LineEditor.h">
      <Filter>Header Files</Filter>
    </QtMoc>
    <QtMoc Include="src\Widgets\Widgets\Menus\ThemeEditor\WidgetEditor.h">
      <Filter>Header Files</Filter>
    </QtMoc>
    <QtMoc Include="src\Widgets\Widgets\Menus\ThemeEditor\ThemeEditor.h">
      <Filter>Header Files</Filter>
    </QtMoc>
    <QtMoc Include="include\ScrollArea.h">
      <Filter>Header Files</Filter>
    </QtMoc>
    <QtMoc Include="src\Widgets\Widgets\AttributeEditors\NumberEditor.h">
      <Filter>Header Files</Filter>
    </QtMoc>
    <QtMoc Include="include\ColorControl.h">
      <Filter>Header Files</Filter>
    </QtMoc>
    <QtMoc Include="include\GradientControl.h">
      <Filter>Header Files</Filter>
    </QtMoc>
    <QtMoc Include="include\MiniSlider.h">
      <Filter>Header Files</Filter>
    </QtMoc>
    <QtMoc Include="include\Slider.h">
      <Filter>Header Files</Filter>
    </QtMoc>
    <QtMoc Include="include\ToggleSwitch.h">
      <Filter>Header Files</Filter>
    </QtMoc>
    <QtMoc Include="include\MenuBar.h">
      <Filter>Header Files</Filter>
    </QtMoc>
    <QtMoc Include="include\Tab.h">
      <Filter>Header Files</Filter>
    </QtMoc>
    <QtMoc Include="src\Widgets\Widgets\MainWindowTitlebar.h">
      <Filter>Header Files</Filter>
    </QtMoc>
    <QtMoc Include="src\Widgets\Dialogs\GradientDialog.h">
      <Filter>Header Files</Filter>
    </QtMoc>
    <QtMoc Include="src\Widgets\Dialogs\UpdateDialog.h">
      <Filter>Header Files</Filter>
    </QtMoc>
    <QtMoc Include="include\MainWindow.h">
      <Filter>Header Files</Filter>
    </QtMoc>
    <QtMoc Include="include\Application.h">
      <Filter>Header Files</Filter>
    </QtMoc>
    <QtMoc Include="include\Downloader.h">
      <Filter>Header Files</Filter>
    </QtMoc>
    <QtMoc Include="include\FillControl.h">
      <Filter>Header Files</Filter>
    </QtMoc>
    <QtMoc Include="include\Attribute.h">
      <Filter>Header Files</Filter>
    </QtMoc>
    <QtMoc Include="include\ScrollBar.h">
      <Filter>Header Files</Filter>
    </QtMoc>
    <QtMoc Include="include\Variant.h">
      <Filter>Header Files</Filter>
    </QtMoc>
    <QtMoc Include="include\Data.h">
      <Filter>Header Files</Filter>
    </QtMoc>
    <QtMoc Include="include\AbstractAttribute.h">
      <Filter>Header Files</Filter>
    </QtMoc>
    <QtMoc Include="include\AttributeGroup.h">
      <Filter>Header Files</Filter>
    </QtMoc>
    <QtMoc Include="include\Dialog.h">
      <Filter>Header Files</Filter>
    </QtMoc>
    <QtMoc Include="src\Widgets\Dialogs\ColorDialog.h">
      <Filter>Header Files</Filter>
    </QtMoc>
    <QtMoc Include="include\ColorPlane.h">
      <Filter>Header Files</Filter>
    </QtMoc>
    <QtMoc Include="src\Widgets\Dialogs\FillDialog.h">
      <Filter>Header Files</Filter>
    </QtMoc>
    <QtMoc Include="include\TabBar.h">
      <Filter>Header Files</Filter>
    </QtMoc>
    <QtMoc Include="src\Widgets\Widgets\Menus\ThemeEditor\WidgetButton.h">
      <Filter>Header Files</Filter>
    </QtMoc>
    <QtMoc Include="src\Widgets\Widgets\Menus\ThemeEditor\WidgetButtonGroup.h">
      <Filter>Header Files</Filter>
    </QtMoc>
    <QtMoc Include="src\Widgets\Dialogs\ThemeCompatibilityCautionDialog.h">
      <Filter>Header Files</Filter>
    </QtMoc>
    <QtMoc Include="include\ThemeLineageModel.h">
      <Filter>Header Files</Filter>
    </QtMoc>
    <QtMoc Include="include\TableView.h">
      <Filter>Header Files</Filter>
    </QtMoc>
    <QtMoc Include="include\SvgRenderer.h">
      <Filter>Header Files</Filter>
    </QtMoc>
    <QtMoc Include="include\HeaderView.h">
      <Filter>Header Files</Filter>
    </QtMoc>
    <QtMoc Include="include\GridlineItemDelegate.h">
      <Filter>Header Files</Filter>
    </QtMoc>
    <QtMoc Include="src\Widgets\Dialogs\ThemeCompatibilityItemDelegate.h">
      <Filter>Header Files</Filter>
    </QtMoc>
    <QtMoc Include="include\Theme.h">
      <Filter>Header Files</Filter>
    </QtMoc>
    <QtMoc Include="include\ComboBox.h">
      <Filter>Header Files</Filter>
    </QtMoc>
    <QtMoc Include="include\ComboBoxItemDelegate.h">
      <Filter>Header Files</Filter>
    </QtMoc>
    <QtMoc Include="src\Widgets\Widgets\Controls\ThemeComboBoxItemModel.h">
      <Filter>Header Files</Filter>
    </QtMoc>
    <QtMoc Include="include\ThemeComboBox.h">
      <Filter>Header Files</Filter>
    </QtMoc>
    <QtMoc Include="src\Widgets\Widgets\Controls\ThemeComboBoxItemDelegate.h">
      <Filter>Header Files</Filter>
    </QtMoc>
    <QtMoc Include="src\Widgets\Widgets\Menus\SettingsMenu\SettingsTab.h">
      <Filter>Header Files</Filter>
    </QtMoc>
    <QtMoc Include="src\Widgets\Widgets\AttributeEditors\AttributeEditor.h">
      <Filter>Header Files</Filter>
    </QtMoc>
    <QtMoc Include="src\Widgets\Widgets\AttributeEditors\StateEditor.h">
      <Filter>Header Files</Filter>
    </QtMoc>
    <QtMoc Include="src\Widgets\Widgets\AttributeEditors\AttributeEditorGroup.h">
      <Filter>Header Files</Filter>
    </QtMoc>
    <QtMoc Include="src\Widgets\Widgets\AttributeEditors\ColorEditor.h">
      <Filter>Header Files</Filter>
    </QtMoc>
    <QtMoc Include="src\Widgets\Widgets\AttributeEditors\CornerRadiiEditor.h">
      <Filter>Header Files</Filter>
    </QtMoc>
    <QtMoc Include="src\Widgets\Widgets\AttributeEditors\FillEditor.h">
      <Filter>Header Files</Filter>
    </QtMoc>
    <QtMoc Include="src\Widgets\Widgets\AttributeEditors\GradientEditor.h">
      <Filter>Header Files</Filter>
    </QtMoc>
    <QtMoc Include="include\Navigator.h">
      <Filter>Header Files</Filter>
    </QtMoc>
    <QtMoc Include="include\RadioButton.h">
      <Filter>Header Files</Filter>
    </QtMoc>
    <QtMoc Include="include\RadioButtonPool.h">
      <Filter>Header Files</Filter>
    </QtMoc>
    <QtMoc Include="src\Widgets\Dialogs\CreateThemeDialog.h">
      <Filter>Header Files</Filter>
    </QtMoc>
  </ItemGroup>
  <ItemGroup>
    <ClInclude Include="include\ImageSequence.h">
      <Filter>Header Files</Filter>
    </ClInclude>
    <ClInclude Include="include\calculate.h">
      <Filter>Header Files</Filter>
    </ClInclude>
    <ClInclude Include="include\directories.h">
      <Filter>Header Files</Filter>
    </ClInclude>
    <ClInclude Include="include\GitHubRepo.h">
      <Filter>Header Files</Filter>
    </ClInclude>
    <ClInclude Include="include\Version.h">
      <Filter>Header Files</Filter>
    </ClInclude>
    <ClInclude Include="include\Themeable.h">
      <Filter>Header Files</Filter>
    </ClInclude>
    <ClInclude Include="include\AttributeLayout.h">
      <Filter>Header Files</Filter>
    </ClInclude>
    <ClInclude Include="include\ThemeableBox.h">
      <Filter>Header Files</Filter>
    </ClInclude>
    <ClInclude Include="include\Layers.h">
      <Filter>Header Files</Filter>
    </ClInclude>
    <ClInclude Include="include\color.h">
      <Filter>Header Files</Filter>
    </ClInclude>
    <ClInclude Include="include\Graphic.h">
      <Filter>Header Files</Filter>
    </ClInclude>
  </ItemGroup>
</Project>