<?xml version="1.0" encoding="utf-8"?>
<Project ToolsVersion="4.0" xmlns="http://schemas.microsoft.com/developer/msbuild/2003">
  <ItemGroup>
    <Filter Include="Source Files">
      <UniqueIdentifier>{4FC737F1-C7A5-4376-A066-2A32D752A2FF}</UniqueIdentifier>
      <Extensions>cpp;c;cc;cxx;def;odl;idl;hpj;bat;asm;asmx</Extensions>
    </Filter>
    <Filter Include="Header Files">
      <UniqueIdentifier>{93995380-89BD-4b04-88EB-625FBE52EBFB}</UniqueIdentifier>
      <Extensions>h;hh;hpp;hxx;hm;inl;inc;xsd</Extensions>
    </Filter>
    <Filter Include="Resource Files">
      <UniqueIdentifier>{67DA6AB6-F800-4c08-8B7A-83BB121AAD01}</UniqueIdentifier>
      <Extensions>qrc;rc;ico;cur;bmp;dlg;rc2;rct;bin;rgs;gif;jpg;jpeg;jpe;resx;tiff;tif;png;wav;mfcribbon-ms</Extensions>
    </Filter>
    <Filter Include="Source Files\Layouts">
      <UniqueIdentifier>{36ef7c63-18c2-4f59-b90f-8daebf622ba2}</UniqueIdentifier>
    </Filter>
    <Filter Include="Source Files\Widgets">
      <UniqueIdentifier>{21dac7b9-75c8-4074-b28c-7e8e3a64da49}</UniqueIdentifier>
    </Filter>
    <Filter Include="Source Files\Tools">
      <UniqueIdentifier>{cea1b35b-a750-4c6a-9ee4-38be67d9f51e}</UniqueIdentifier>
    </Filter>
    <Filter Include="Source Files\Widgets\Attribute Widgets">
      <UniqueIdentifier>{bdbe8024-7fb6-4805-8f00-cd9ad4eb511c}</UniqueIdentifier>
    </Filter>
    <Filter Include="Source Files\Widgets\Controls">
      <UniqueIdentifier>{09e3820d-fb15-4b56-92a6-78ea2a4e0840}</UniqueIdentifier>
    </Filter>
    <Filter Include="Source Files\Widgets\Dialogs">
      <UniqueIdentifier>{06c6bded-5e13-4f71-9a98-f2aa903a1849}</UniqueIdentifier>
    </Filter>
    <Filter Include="Source Files\Widgets\Menus">
      <UniqueIdentifier>{179eefd7-d31c-4cc6-9985-6ee14a375da2}</UniqueIdentifier>
    </Filter>
    <Filter Include="Source Files\Widgets\Menus\Settings">
      <UniqueIdentifier>{e5a30f50-fa2a-4ad9-ad89-4801337c2b75}</UniqueIdentifier>
    </Filter>
    <Filter Include="Source Files\Application">
      <UniqueIdentifier>{8e251724-cff9-436d-bc43-4ba919405da9}</UniqueIdentifier>
    </Filter>
    <Filter Include="Source Files\Themes">
      <UniqueIdentifier>{16bea7eb-98d2-4a14-bf36-ee626c155c7a}</UniqueIdentifier>
    </Filter>
    <Filter Include="Source Files\Themes\Attributes">
      <UniqueIdentifier>{74890593-a59b-4085-af24-6a0437117844}</UniqueIdentifier>
    </Filter>
  </ItemGroup>
  <ItemGroup>
    <ClCompile Include="src\Widgets\Attribute Widgets\AttributeWidget.cpp">
      <Filter>Source Files\Widgets\Attribute Widgets</Filter>
    </ClCompile>
    <ClCompile Include="src\Widgets\Attribute Widgets\AWGroup.cpp">
      <Filter>Source Files\Widgets\Attribute Widgets</Filter>
    </ClCompile>
    <ClCompile Include="src\Widgets\Attribute Widgets\ColorAW.cpp">
      <Filter>Source Files\Widgets\Attribute Widgets</Filter>
    </ClCompile>
    <ClCompile Include="src\Widgets\Attribute Widgets\CornerRadiiAW.cpp">
      <Filter>Source Files\Widgets\Attribute Widgets</Filter>
    </ClCompile>
    <ClCompile Include="src\Widgets\Attribute Widgets\GradientAW.cpp">
      <Filter>Source Files\Widgets\Attribute Widgets</Filter>
    </ClCompile>
    <ClCompile Include="src\Widgets\Attribute Widgets\NumberAW.cpp">
      <Filter>Source Files\Widgets\Attribute Widgets</Filter>
    </ClCompile>
    <ClCompile Include="src\Layouts\HorizontalLayout.cpp">
      <Filter>Source Files\Layouts</Filter>
    </ClCompile>
    <ClCompile Include="src\Layouts\VerticalLayout.cpp">
      <Filter>Source Files\Layouts</Filter>
    </ClCompile>
    <ClCompile Include="src\Tools\GitHubRepo.cpp">
      <Filter>Source Files\Tools</Filter>
    </ClCompile>
    <ClCompile Include="src\Tools\ImageSequence.cpp">
      <Filter>Source Files\Tools</Filter>
    </ClCompile>
    <ClCompile Include="src\Tools\Version.cpp">
      <Filter>Source Files\Tools</Filter>
    </ClCompile>
    <ClCompile Include="src\Tools\Downloader.cpp">
      <Filter>Source Files\Tools</Filter>
    </ClCompile>
    <ClCompile Include="src\Widgets\AppPreferencesSettingsPanel.cpp">
      <Filter>Source Files\Widgets</Filter>
    </ClCompile>
    <ClCompile Include="src\Widgets\CustomizePanel.cpp">
      <Filter>Source Files\Widgets</Filter>
    </ClCompile>
    <ClCompile Include="src\Widgets\Graphic.cpp">
      <Filter>Source Files\Widgets</Filter>
    </ClCompile>
    <ClCompile Include="src\Widgets\ImageSequenceLabel.cpp">
      <Filter>Source Files\Widgets</Filter>
    </ClCompile>
    <ClCompile Include="src\Widgets\Label.cpp">
      <Filter>Source Files\Widgets</Filter>
    </ClCompile>
    <ClCompile Include="src\Widgets\MenuBar.cpp">
      <Filter>Source Files\Widgets</Filter>
    </ClCompile>
    <ClCompile Include="src\Widgets\MenuLabelLayer.cpp">
      <Filter>Source Files\Widgets</Filter>
    </ClCompile>
    <ClCompile Include="src\Widgets\ScrollArea.cpp">
      <Filter>Source Files\Widgets</Filter>
    </ClCompile>
    <ClCompile Include="src\Widgets\SVG.cpp">
      <Filter>Source Files\Widgets</Filter>
    </ClCompile>
    <ClCompile Include="src\Widgets\TabBar.cpp">
      <Filter>Source Files\Widgets</Filter>
    </ClCompile>
    <ClCompile Include="src\Widgets\ThemesSettingsPanel.cpp">
      <Filter>Source Files\Widgets</Filter>
    </ClCompile>
    <ClCompile Include="src\Widgets\Titlebar.cpp">
      <Filter>Source Files\Widgets</Filter>
    </ClCompile>
    <ClCompile Include="src\Widgets\Widget.cpp">
      <Filter>Source Files\Widgets</Filter>
    </ClCompile>
    <ClCompile Include="src\Widgets\Window.cpp">
      <Filter>Source Files\Widgets</Filter>
    </ClCompile>
    <ClCompile Include="src\Widgets\Menus\CustomizeMenu.cpp">
      <Filter>Source Files\Widgets\Menus</Filter>
    </ClCompile>
    <ClCompile Include="src\Widgets\Menus\Menu.cpp">
      <Filter>Source Files\Widgets\Menus</Filter>
    </ClCompile>
    <ClCompile Include="src\Widgets\Menus\Settings\SettingsMenu.cpp">
      <Filter>Source Files\Widgets\Menus\Settings</Filter>
    </ClCompile>
    <ClCompile Include="src\Widgets\Menus\Settings\SettingsSidebar.cpp">
      <Filter>Source Files\Widgets\Menus\Settings</Filter>
    </ClCompile>
    <ClCompile Include="src\Widgets\Menus\Settings\SettingsTab.cpp">
      <Filter>Source Files\Widgets\Menus\Settings</Filter>
    </ClCompile>
    <ClCompile Include="src\Widgets\Dialogs\GradientSelectionDialog.cpp">
      <Filter>Source Files\Widgets\Dialogs</Filter>
    </ClCompile>
    <ClCompile Include="src\Widgets\Dialogs\UpdateDialog.cpp">
      <Filter>Source Files\Widgets\Dialogs</Filter>
    </ClCompile>
    <ClCompile Include="src\Widgets\Dialogs\CreateNewThemeDialog.cpp">
      <Filter>Source Files\Widgets\Dialogs</Filter>
    </ClCompile>
    <ClCompile Include="src\Widgets\Controls\ComboboxItem.cpp">
      <Filter>Source Files\Widgets\Controls</Filter>
    </ClCompile>
    <ClCompile Include="src\Widgets\Controls\GradientControl.cpp">
      <Filter>Source Files\Widgets\Controls</Filter>
    </ClCompile>
    <ClCompile Include="src\Widgets\Controls\LineEditor.cpp">
      <Filter>Source Files\Widgets\Controls</Filter>
    </ClCompile>
    <ClCompile Include="src\Widgets\Controls\MiniSlider.cpp">
      <Filter>Source Files\Widgets\Controls</Filter>
    </ClCompile>
    <ClCompile Include="src\Widgets\Controls\Slider.cpp">
      <Filter>Source Files\Widgets\Controls</Filter>
    </ClCompile>
    <ClCompile Include="src\Widgets\Controls\ToggleSwitch.cpp">
      <Filter>Source Files\Widgets\Controls</Filter>
    </ClCompile>
    <ClCompile Include="src\Widgets\Controls\Button.cpp">
      <Filter>Source Files\Widgets\Controls</Filter>
    </ClCompile>
    <ClCompile Include="src\Widgets\Controls\ColorControl.cpp">
      <Filter>Source Files\Widgets\Controls</Filter>
    </ClCompile>
    <ClCompile Include="src\Widgets\Controls\Combobox.cpp">
      <Filter>Source Files\Widgets\Controls</Filter>
    </ClCompile>
    <ClCompile Include="src\Application\Application.cpp">
      <Filter>Source Files\Application</Filter>
    </ClCompile>
    <ClCompile Include="src\Application\directories.cpp">
      <Filter>Source Files\Application</Filter>
    </ClCompile>
    <ClCompile Include="src\Themes\Theme.cpp">
      <Filter>Source Files\Themes</Filter>
    </ClCompile>
    <ClCompile Include="src\Themes\Themeable.cpp">
      <Filter>Source Files\Themes</Filter>
    </ClCompile>
    <ClCompile Include="src\Themes\theme_loading.cpp">
      <Filter>Source Files\Themes</Filter>
    </ClCompile>
    <ClCompile Include="src\Widgets\Controls\FillControl.cpp">
      <Filter>Source Files\Widgets\Controls</Filter>
    </ClCompile>
    <ClCompile Include="src\Widgets\Attribute Widgets\FillAW.cpp">
      <Filter>Source Files\Widgets\Attribute Widgets</Filter>
    </ClCompile>
    <ClCompile Include="src\Themes\Attributes\AttributeGroup.cpp">
      <Filter>Source Files\Themes\Attributes</Filter>
    </ClCompile>
    <ClCompile Include="src\Widgets\Attribute Widgets\StateAW.cpp">
      <Filter>Source Files\Widgets\Attribute Widgets</Filter>
    </ClCompile>
    <ClCompile Include="src\Themes\Attributes\Attribute.cpp">
      <Filter>Source Files\Themes\Attributes</Filter>
    </ClCompile>
    <ClCompile Include="src\Themes\Attributes\Variant.cpp">
      <Filter>Source Files\Themes\Attributes</Filter>
    </ClCompile>
  </ItemGroup>
  <ItemGroup>
    <QtRcc Include="svgs\svgs.qrc">
      <Filter>Resource Files</Filter>
    </QtRcc>
    <QtRcc Include="fonts\Roboto\roboto_font.qrc">
      <Filter>Resource Files</Filter>
    </QtRcc>
    <QtRcc Include="themes\prebuilt_themes.qrc">
      <Filter>Resource Files</Filter>
    </QtRcc>
    <QtRcc Include="image-sequences\image_sequences.qrc">
      <Filter>Resource Files</Filter>
    </QtRcc>
  </ItemGroup>
  <ItemGroup>
    <QtMoc Include="include\Widget.h">
      <Filter>Header Files</Filter>
    </QtMoc>
    <QtMoc Include="include\SettingsMenu.h">
      <Filter>Header Files</Filter>
    </QtMoc>
    <QtMoc Include="include\Menu.h">
      <Filter>Header Files</Filter>
    </QtMoc>
    <QtMoc Include="include\SettingsPanels.h">
      <Filter>Header Files</Filter>
    </QtMoc>
    <QtMoc Include="include\Button.h">
      <Filter>Header Files</Filter>
    </QtMoc>
    <QtMoc Include="include\Label.h">
      <Filter>Header Files</Filter>
    </QtMoc>
    <QtMoc Include="include\Combobox.h">
      <Filter>Header Files</Filter>
    </QtMoc>
    <QtMoc Include="include\Graphic.h">
      <Filter>Header Files</Filter>
    </QtMoc>
    <QtMoc Include="include\ImageSequenceLabel.h">
      <Filter>Header Files</Filter>
    </QtMoc>
    <QtMoc Include="include\SVG.h">
      <Filter>Header Files</Filter>
    </QtMoc>
    <QtMoc Include="include\LineEditor.h">
      <Filter>Header Files</Filter>
    </QtMoc>
    <QtMoc Include="include\CustomizePanel.h">
      <Filter>Header Files</Filter>
    </QtMoc>
    <QtMoc Include="include\CustomizeMenu.h">
      <Filter>Header Files</Filter>
    </QtMoc>
    <QtMoc Include="include\ScrollArea.h">
      <Filter>Header Files</Filter>
    </QtMoc>
    <QtMoc Include="include\AttributeWidgets.h">
      <Filter>Header Files</Filter>
    </QtMoc>
    <QtMoc Include="include\ColorControl.h">
      <Filter>Header Files</Filter>
    </QtMoc>
    <QtMoc Include="include\GradientControl.h">
      <Filter>Header Files</Filter>
    </QtMoc>
    <QtMoc Include="include\MiniSlider.h">
      <Filter>Header Files</Filter>
    </QtMoc>
    <QtMoc Include="include\Slider.h">
      <Filter>Header Files</Filter>
    </QtMoc>
    <QtMoc Include="include\ToggleSwitch.h">
      <Filter>Header Files</Filter>
    </QtMoc>
    <QtMoc Include="include\MenuBar.h">
      <Filter>Header Files</Filter>
    </QtMoc>
    <QtMoc Include="include\TabBar.h">
      <Filter>Header Files</Filter>
    </QtMoc>
    <QtMoc Include="include\MenuLabelLayer.h">
      <Filter>Header Files</Filter>
    </QtMoc>
    <QtMoc Include="include\Titlebar.h">
      <Filter>Header Files</Filter>
    </QtMoc>
    <QtMoc Include="include\CreateNewThemeDialog.h">
      <Filter>Header Files</Filter>
    </QtMoc>
    <QtMoc Include="include\GradientSelectionDialog.h">
      <Filter>Header Files</Filter>
    </QtMoc>
    <QtMoc Include="include\UpdateDialog.h">
      <Filter>Header Files</Filter>
    </QtMoc>
    <QtMoc Include="include\Window.h">
      <Filter>Header Files</Filter>
    </QtMoc>
    <QtMoc Include="include\Application.h">
      <Filter>Header Files</Filter>
    </QtMoc>
    <QtMoc Include="include\Downloader.h">
      <Filter>Header Files</Filter>
    </QtMoc>
    <QtMoc Include="include\FillControl.h">
      <Filter>Header Files</Filter>
    </QtMoc>
    <QtMoc Include="include\Attribute.h">
      <Filter>Header Files</Filter>
    </QtMoc>
  </ItemGroup>
  <ItemGroup>
    <ClInclude Include="include\Layouts.h">
      <Filter>Header Files</Filter>
    </ClInclude>
    <ClInclude Include="include\Theme.h">
      <Filter>Header Files</Filter>
    </ClInclude>
    <ClInclude Include="include\ImageSequence.h">
      <Filter>Header Files</Filter>
    </ClInclude>
    <ClInclude Include="include\build_themes.h">
      <Filter>Header Files</Filter>
    </ClInclude>
    <ClInclude Include="include\calculate.h">
      <Filter>Header Files</Filter>
    </ClInclude>
    <ClInclude Include="include\directories.h">
      <Filter>Header Files</Filter>
    </ClInclude>
    <ClInclude Include="include\theme_loading.h">
      <Filter>Header Files</Filter>
    </ClInclude>
    <ClInclude Include="include\GitHubRepo.h">
      <Filter>Header Files</Filter>
    </ClInclude>
    <ClInclude Include="include\Version.h">
      <Filter>Header Files</Filter>
    </ClInclude>
    <ClInclude Include="include\Themeable.h">
      <Filter>Header Files</Filter>
    </ClInclude>
    <ClInclude Include="include\AttributeLayout.h">
      <Filter>Header Files</Filter>
    </ClInclude>
  </ItemGroup>
</Project>