<?xml version="1.0" encoding="utf-8"?>
<Project ToolsVersion="4.0" xmlns="http://schemas.microsoft.com/developer/msbuild/2003">
  <ItemGroup>
    <Filter Include="Source Files">
      <UniqueIdentifier>{4FC737F1-C7A5-4376-A066-2A32D752A2FF}</UniqueIdentifier>
      <Extensions>qml;cpp;c;cc;cxx;def;odl;idl;hpj;bat;asm;asmx</Extensions>
    </Filter>
    <Filter Include="Header Files">
      <UniqueIdentifier>{93995380-89BD-4b04-88EB-625FBE52EBFB}</UniqueIdentifier>
      <Extensions>h;hh;hpp;hxx;hm;inl;inc;xsd</Extensions>
    </Filter>
    <Filter Include="Resource Files">
      <UniqueIdentifier>{67DA6AB6-F800-4c08-8B7A-83BB121AAD01}</UniqueIdentifier>
      <Extensions>qrc;rc;ico;cur;bmp;dlg;rc2;rct;bin;rgs;gif;jpg;jpeg;jpe;resx;tiff;tif;png;wav;mfcribbon-ms</Extensions>
    </Filter>
  </ItemGroup>
  <ItemGroup>
    <ClCompile Include="src\ltoggleswitch.cpp">
      <Filter>Source Files</Filter>
    </ClCompile>
    <ClCompile Include="src\lupdatedialog.cpp">
      <Filter>Source Files</Filter>
    </ClCompile>
    <ClCompile Include="src\lversion.cpp">
      <Filter>Source Files</Filter>
    </ClCompile>
    <ClCompile Include="src\lwidget.cpp">
      <Filter>Source Files</Filter>
    </ClCompile>
    <ClCompile Include="src\lwidgetbutton.cpp">
      <Filter>Source Files</Filter>
    </ClCompile>
    <ClCompile Include="src\lwidgetbuttongroup.cpp">
      <Filter>Source Files</Filter>
    </ClCompile>
    <ClCompile Include="src\lwidgeteditor.cpp">
      <Filter>Source Files</Filter>
    </ClCompile>
    <ClCompile Include="src\lapplication.cpp">
      <Filter>Source Files</Filter>
    </ClCompile>
    <ClCompile Include="src\lattribute.cpp">
      <Filter>Source Files</Filter>
    </ClCompile>
    <ClCompile Include="src\lattributeeditor.cpp">
      <Filter>Source Files</Filter>
    </ClCompile>
    <ClCompile Include="src\lattributeeditorgroup.cpp">
      <Filter>Source Files</Filter>
    </ClCompile>
    <ClCompile Include="src\lbutton.cpp">
      <Filter>Source Files</Filter>
    </ClCompile>
    <ClCompile Include="src\lcolor.cpp">
      <Filter>Source Files</Filter>
    </ClCompile>
    <ClCompile Include="src\lcolorcontrol.cpp">
      <Filter>Source Files</Filter>
    </ClCompile>
    <ClCompile Include="src\lcolordialog.cpp">
      <Filter>Source Files</Filter>
    </ClCompile>
    <ClCompile Include="src\lcoloreditor.cpp">
      <Filter>Source Files</Filter>
    </ClCompile>
    <ClCompile Include="src\lcolorplane.cpp">
      <Filter>Source Files</Filter>
    </ClCompile>
    <ClCompile Include="src\lcombobox.cpp">
      <Filter>Source Files</Filter>
    </ClCompile>
    <ClCompile Include="src\lcomboboxitemdelegate.cpp">
      <Filter>Source Files</Filter>
    </ClCompile>
    <ClCompile Include="src\lcornerradiieditor.cpp">
      <Filter>Source Files</Filter>
    </ClCompile>
    <ClCompile Include="src\lcreatethemedialog.cpp">
      <Filter>Source Files</Filter>
    </ClCompile>
    <ClCompile Include="src\ldialog.cpp">
      <Filter>Source Files</Filter>
    </ClCompile>
    <ClCompile Include="src\ldownloader.cpp">
      <Filter>Source Files</Filter>
    </ClCompile>
    <ClCompile Include="src\lfillcontrol.cpp">
      <Filter>Source Files</Filter>
    </ClCompile>
    <ClCompile Include="src\lfilldialog.cpp">
      <Filter>Source Files</Filter>
    </ClCompile>
    <ClCompile Include="src\lfilleditor.cpp">
      <Filter>Source Files</Filter>
    </ClCompile>
    <ClCompile Include="src\lgithubrepo.cpp">
      <Filter>Source Files</Filter>
    </ClCompile>
    <ClCompile Include="src\lgradientcontrol.cpp">
      <Filter>Source Files</Filter>
    </ClCompile>
    <ClCompile Include="src\lgradientdialog.cpp">
      <Filter>Source Files</Filter>
    </ClCompile>
    <ClCompile Include="src\lgradienteditor.cpp">
      <Filter>Source Files</Filter>
    </ClCompile>
    <ClCompile Include="src\lgraphic.cpp">
      <Filter>Source Files</Filter>
    </ClCompile>
    <ClCompile Include="src\lgridlineitemdelegate.cpp">
      <Filter>Source Files</Filter>
    </ClCompile>
    <ClCompile Include="src\lheaderview.cpp">
      <Filter>Source Files</Filter>
    </ClCompile>
    <ClCompile Include="src\limagesequence.cpp">
      <Filter>Source Files</Filter>
    </ClCompile>
    <ClCompile Include="src\llabel.cpp">
      <Filter>Source Files</Filter>
    </ClCompile>
    <ClCompile Include="src\llineeditor.cpp">
      <Filter>Source Files</Filter>
    </ClCompile>
    <ClCompile Include="src\lmainwindow.cpp">
      <Filter>Source Files</Filter>
    </ClCompile>
    <ClCompile Include="src\lmainwindowtitlebar.cpp">
      <Filter>Source Files</Filter>
    </ClCompile>
    <ClCompile Include="src\lmenubar.cpp">
      <Filter>Source Files</Filter>
    </ClCompile>
    <ClCompile Include="src\lminislider.cpp">
      <Filter>Source Files</Filter>
    </ClCompile>
    <ClCompile Include="src\lnavigator.cpp">
      <Filter>Source Files</Filter>
    </ClCompile>
    <ClCompile Include="src\lnumbereditor.cpp">
      <Filter>Source Files</Filter>
    </ClCompile>
    <ClCompile Include="src\lpaths.cpp">
      <Filter>Source Files</Filter>
    </ClCompile>
    <ClCompile Include="src\lradiobutton.cpp">
      <Filter>Source Files</Filter>
    </ClCompile>
    <ClCompile Include="src\lradiobuttonpool.cpp">
      <Filter>Source Files</Filter>
    </ClCompile>
    <ClCompile Include="src\lscrollarea.cpp">
      <Filter>Source Files</Filter>
    </ClCompile>
    <ClCompile Include="src\lscrollbar.cpp">
      <Filter>Source Files</Filter>
    </ClCompile>
    <ClCompile Include="src\lsettingsmenu.cpp">
      <Filter>Source Files</Filter>
    </ClCompile>
    <ClCompile Include="src\lsettingstab.cpp">
      <Filter>Source Files</Filter>
    </ClCompile>
    <ClCompile Include="src\lslider.cpp">
      <Filter>Source Files</Filter>
    </ClCompile>
    <ClCompile Include="src\lsvgrenderer.cpp">
      <Filter>Source Files</Filter>
    </ClCompile>
    <ClCompile Include="src\ltab.cpp">
      <Filter>Source Files</Filter>
    </ClCompile>
    <ClCompile Include="src\ltabbar.cpp">
      <Filter>Source Files</Filter>
    </ClCompile>
    <ClCompile Include="src\ltableview.cpp">
      <Filter>Source Files</Filter>
    </ClCompile>
    <ClCompile Include="src\ltheme.cpp">
      <Filter>Source Files</Filter>
    </ClCompile>
    <ClCompile Include="src\lthemeable.cpp">
      <Filter>Source Files</Filter>
    </ClCompile>
    <ClCompile Include="src\lthemeablebox.cpp">
      <Filter>Source Files</Filter>
    </ClCompile>
    <ClCompile Include="src\lthemecombobox.cpp">
      <Filter>Source Files</Filter>
    </ClCompile>
    <ClCompile Include="src\lthemecomboboxitemdelegate.cpp">
      <Filter>Source Files</Filter>
    </ClCompile>
    <ClCompile Include="src\lthemecomboboxitemmodel.cpp">
      <Filter>Source Files</Filter>
    </ClCompile>
    <ClCompile Include="src\lthemecompatibilitycautiondialog.cpp">
      <Filter>Source Files</Filter>
    </ClCompile>
    <ClCompile Include="src\lthemecompatibilityitemdelegate.cpp">
      <Filter>Source Files</Filter>
    </ClCompile>
    <ClCompile Include="src\lthemeeditor.cpp">
      <Filter>Source Files</Filter>
    </ClCompile>
    <ClCompile Include="src\lthemelineagemodel.cpp">
      <Filter>Source Files</Filter>
    </ClCompile>
    <ClCompile Include="src\lthemeswidget.cpp">
      <Filter>Source Files</Filter>
    </ClCompile>
    <ClCompile Include="src\lstatepool.cpp">
      <Filter>Source Files</Filter>
    </ClCompile>
  </ItemGroup>
  <ItemGroup>
    <QtMoc Include="src\lmainwindowtitlebar.h">
      <Filter>Source Files</Filter>
    </QtMoc>
    <QtMoc Include="src\lsettingsmenu.h">
      <Filter>Source Files</Filter>
    </QtMoc>
    <QtMoc Include="src\lsettingstab.h">
      <Filter>Source Files</Filter>
    </QtMoc>
    <QtMoc Include="src\lthemeeditor.h">
      <Filter>Source Files</Filter>
    </QtMoc>
    <QtMoc Include="src\lthemeswidget.h">
      <Filter>Source Files</Filter>
    </QtMoc>
    <QtMoc Include="include\Layers\lbutton.h">
      <Filter>Header Files</Filter>
    </QtMoc>
    <QtMoc Include="include\Layers\lcolorcontrol.h">
      <Filter>Header Files</Filter>
    </QtMoc>
    <QtMoc Include="include\Layers\lcolordialog.h">
      <Filter>Header Files</Filter>
    </QtMoc>
    <QtMoc Include="include\Layers\lcoloreditor.h">
      <Filter>Header Files</Filter>
    </QtMoc>
    <QtMoc Include="include\Layers\lcolorplane.h">
      <Filter>Header Files</Filter>
    </QtMoc>
    <QtMoc Include="include\Layers\lcombobox.h">
      <Filter>Header Files</Filter>
    </QtMoc>
    <QtMoc Include="include\Layers\lcomboboxitemdelegate.h">
      <Filter>Header Files</Filter>
    </QtMoc>
    <QtMoc Include="include\Layers\lcornerradiieditor.h">
      <Filter>Header Files</Filter>
    </QtMoc>
    <QtMoc Include="include\Layers\lcreatethemedialog.h">
      <Filter>Header Files</Filter>
    </QtMoc>
    <QtMoc Include="include\Layers\ldialog.h">
      <Filter>Header Files</Filter>
    </QtMoc>
    <QtMoc Include="include\Layers\ldownloader.h">
      <Filter>Header Files</Filter>
    </QtMoc>
    <QtMoc Include="include\Layers\lfillcontrol.h">
      <Filter>Header Files</Filter>
    </QtMoc>
    <QtMoc Include="include\Layers\lfilldialog.h">
      <Filter>Header Files</Filter>
    </QtMoc>
    <QtMoc Include="include\Layers\lfilleditor.h">
      <Filter>Header Files</Filter>
    </QtMoc>
    <QtMoc Include="include\Layers\lgradientcontrol.h">
      <Filter>Header Files</Filter>
    </QtMoc>
    <QtMoc Include="include\Layers\lgradientdialog.h">
      <Filter>Header Files</Filter>
    </QtMoc>
    <QtMoc Include="include\Layers\lgradienteditor.h">
      <Filter>Header Files</Filter>
    </QtMoc>
    <QtMoc Include="include\Layers\lgridlineitemdelegate.h">
      <Filter>Header Files</Filter>
    </QtMoc>
    <QtMoc Include="include\Layers\lheaderview.h">
      <Filter>Header Files</Filter>
    </QtMoc>
    <QtMoc Include="include\Layers\llabel.h">
      <Filter>Header Files</Filter>
    </QtMoc>
    <QtMoc Include="include\Layers\llineeditor.h">
      <Filter>Header Files</Filter>
    </QtMoc>
    <QtMoc Include="include\Layers\lmainwindow.h">
      <Filter>Header Files</Filter>
    </QtMoc>
    <QtMoc Include="include\Layers\lmenubar.h">
      <Filter>Header Files</Filter>
    </QtMoc>
    <QtMoc Include="include\Layers\lminislider.h">
      <Filter>Header Files</Filter>
    </QtMoc>
    <QtMoc Include="include\Layers\lnavigator.h">
      <Filter>Header Files</Filter>
    </QtMoc>
    <QtMoc Include="include\Layers\lnumbereditor.h">
      <Filter>Header Files</Filter>
    </QtMoc>
    <QtMoc Include="include\Layers\lradiobutton.h">
      <Filter>Header Files</Filter>
    </QtMoc>
    <QtMoc Include="include\Layers\lradiobuttonpool.h">
      <Filter>Header Files</Filter>
    </QtMoc>
    <QtMoc Include="include\Layers\lscrollarea.h">
      <Filter>Header Files</Filter>
    </QtMoc>
    <QtMoc Include="include\Layers\lscrollbar.h">
      <Filter>Header Files</Filter>
    </QtMoc>
    <QtMoc Include="include\Layers\lslider.h">
      <Filter>Header Files</Filter>
    </QtMoc>
    <QtMoc Include="include\Layers\lsvgrenderer.h">
      <Filter>Header Files</Filter>
    </QtMoc>
    <QtMoc Include="include\Layers\ltab.h">
      <Filter>Header Files</Filter>
    </QtMoc>
    <QtMoc Include="include\Layers\ltabbar.h">
      <Filter>Header Files</Filter>
    </QtMoc>
    <QtMoc Include="include\Layers\ltableview.h">
      <Filter>Header Files</Filter>
    </QtMoc>
    <QtMoc Include="include\Layers\ltheme.h">
      <Filter>Header Files</Filter>
    </QtMoc>
    <QtMoc Include="include\Layers\lthemecombobox.h">
      <Filter>Header Files</Filter>
    </QtMoc>
    <QtMoc Include="include\Layers\lthemecomboboxitemdelegate.h">
      <Filter>Header Files</Filter>
    </QtMoc>
    <QtMoc Include="include\Layers\lthemecomboboxitemmodel.h">
      <Filter>Header Files</Filter>
    </QtMoc>
    <QtMoc Include="include\Layers\lthemecompatibilitycautiondialog.h">
      <Filter>Header Files</Filter>
    </QtMoc>
    <QtMoc Include="include\Layers\lthemecompatibilityitemdelegate.h">
      <Filter>Header Files</Filter>
    </QtMoc>
    <QtMoc Include="include\Layers\lthemelineagemodel.h">
      <Filter>Header Files</Filter>
    </QtMoc>
    <QtMoc Include="include\Layers\ltoggleswitch.h">
      <Filter>Header Files</Filter>
    </QtMoc>
    <QtMoc Include="include\Layers\lupdatedialog.h">
      <Filter>Header Files</Filter>
    </QtMoc>
    <QtMoc Include="include\Layers\lwidget.h">
      <Filter>Header Files</Filter>
    </QtMoc>
    <QtMoc Include="include\Layers\lwidgetbutton.h">
      <Filter>Header Files</Filter>
    </QtMoc>
    <QtMoc Include="include\Layers\lwidgetbuttongroup.h">
      <Filter>Header Files</Filter>
    </QtMoc>
    <QtMoc Include="include\Layers\lwidgeteditor.h">
      <Filter>Header Files</Filter>
    </QtMoc>
    <QtMoc Include="include\Layers\lapplication.h">
      <Filter>Header Files</Filter>
    </QtMoc>
    <QtMoc Include="include\Layers\lattribute.h">
      <Filter>Header Files</Filter>
    </QtMoc>
    <QtMoc Include="include\Layers\lattributeeditor.h">
      <Filter>Header Files</Filter>
    </QtMoc>
    <QtMoc Include="include\Layers\lattributeeditorgroup.h">
      <Filter>Header Files</Filter>
    </QtMoc>
    <QtMoc Include="include\Layers\lstatepool.h">
      <Filter>Header Files</Filter>
    </QtMoc>
  </ItemGroup>
  <ItemGroup>
    <ClInclude Include="include\Layers\lcalculate.h">
      <Filter>Header Files</Filter>
    </ClInclude>
    <ClInclude Include="include\Layers\lcolor.h">
      <Filter>Header Files</Filter>
    </ClInclude>
    <ClInclude Include="include\Layers\lenums.h">
      <Filter>Header Files</Filter>
    </ClInclude>
    <ClInclude Include="include\Layers\lgithubrepo.h">
      <Filter>Header Files</Filter>
    </ClInclude>
    <ClInclude Include="include\Layers\lgraphic.h">
      <Filter>Header Files</Filter>
    </ClInclude>
    <ClInclude Include="include\Layers\limagesequence.h">
      <Filter>Header Files</Filter>
    </ClInclude>
    <ClInclude Include="include\Layers\lpaths.h">
      <Filter>Header Files</Filter>
    </ClInclude>
    <ClInclude Include="include\Layers\lthemeable.h">
      <Filter>Header Files</Filter>
    </ClInclude>
    <ClInclude Include="include\Layers\lthemeablebox.h">
      <Filter>Header Files</Filter>
    </ClInclude>
    <ClInclude Include="include\Layers\lversion.h">
      <Filter>Header Files</Filter>
    </ClInclude>
    <ClInclude Include="include\Layers\layers_exports.h">
      <Filter>Header Files</Filter>
    </ClInclude>
    <ClInclude Include="include\Layers\layers_global.h">
      <Filter>Header Files</Filter>
    </ClInclude>
  </ItemGroup>
  <ItemGroup>
    <QtRcc Include="fonts\Roboto\roboto_font.qrc">
      <Filter>Resource Files</Filter>
    </QtRcc>
    <QtRcc Include="images\images.qrc">
      <Filter>Resource Files</Filter>
    </QtRcc>
    <QtRcc Include="image-sequences\image_sequences.qrc">
      <Filter>Resource Files</Filter>
    </QtRcc>
    <QtRcc Include="themes\Dark\theme_dark.qrc">
      <Filter>Resource Files</Filter>
    </QtRcc>
    <QtRcc Include="themes\Light\theme_light.qrc">
      <Filter>Resource Files</Filter>
    </QtRcc>
  </ItemGroup>
</Project>